
Microsoft Visual Studio Solution File, Format Version 12.00
# Visual Studio Version 17
VisualStudioVersion = 17.6.33829.357
MinimumVisualStudioVersion = 10.0.40219.1
Project("{FAE04EC0-301F-11D3-BF4B-00C04F79EFBC}") = "Lab 02 Q1", "Lab 02 Q1\Lab 02 Q1.csproj", "{076229C2-941B-460F-8307-5096761AB31C}"
EndProject
Global
	GlobalSection(SolutionConfigurationPlatforms) = preSolution
		Debug|Any CPU = Debug|Any CPU
		Release|Any CPU = Release|Any CPU
	EndGlobalSection
	GlobalSection(ProjectConfigurationPlatforms) = postSolution
		{076229C2-941B-460F-8307-5096761AB31C}.Debug|Any CPU.ActiveCfg = Debug|Any CPU
		{076229C2-941B-460F-8307-5096761AB31C}.Debug|Any CPU.Build.0 = Debug|Any CPU
		{076229C2-941B-460F-8307-5096761AB31C}.Release|Any CPU.ActiveCfg = Release|Any CPU
		{076229C2-941B-460F-8307-5096761AB31C}.Release|Any CPU.Build.0 = Release|Any CPU
	EndGlobalSection
	GlobalSection(SolutionProperties) = preSolution
		HideSolutionNode = FALSE
	EndGlobalSection
	GlobalSection(ExtensibilityGlobals) = postSolution
		SolutionGuid = {98E8B14B-C99C-4B08-919D-BE2E2F023DB1}
	EndGlobalSection
EndGlobal
