
Microsoft Visual Studio Solution File, Format Version 12.00
# Visual Studio Version 17
VisualStudioVersion = 17.5.33627.172
MinimumVisualStudioVersion = 10.0.40219.1
Project("{FAE04EC0-301F-11D3-BF4B-00C04F79EFBC}") = "Lab 04 Question 01 part 03", "Lab 04 Question 01 part 03\Lab 04 Question 01 part 03.csproj", "{753055A1-563B-44CE-B697-0230A0CBA171}"
EndProject
Global
	GlobalSection(SolutionConfigurationPlatforms) = preSolution
		Debug|Any CPU = Debug|Any CPU
		Release|Any CPU = Release|Any CPU
	EndGlobalSection
	GlobalSection(ProjectConfigurationPlatforms) = postSolution
		{753055A1-563B-44CE-B697-0230A0CBA171}.Debug|Any CPU.ActiveCfg = Debug|Any CPU
		{753055A1-563B-44CE-B697-0230A0CBA171}.Debug|Any CPU.Build.0 = Debug|Any CPU
		{753055A1-563B-44CE-B697-0230A0CBA171}.Release|Any CPU.ActiveCfg = Release|Any CPU
		{753055A1-563B-44CE-B697-0230A0CBA171}.Release|Any CPU.Build.0 = Release|Any CPU
	EndGlobalSection
	GlobalSection(SolutionProperties) = preSolution
		HideSolutionNode = FALSE
	EndGlobalSection
	GlobalSection(ExtensibilityGlobals) = postSolution
		SolutionGuid = {4E3724CE-2F20-4130-BCCA-21F8B1E00836}
	EndGlobalSection
EndGlobal
