
Microsoft Visual Studio Solution File, Format Version 12.00
# Visual Studio Version 17
VisualStudioVersion = 17.6.33829.357
MinimumVisualStudioVersion = 10.0.40219.1
Project("{FAE04EC0-301F-11D3-BF4B-00C04F79EFBC}") = "Lab 03 Q1", "Lab 03 Q1\Lab 03 Q1.csproj", "{A481227C-2D88-4C5F-908C-197BB3369DA7}"
EndProject
Global
	GlobalSection(SolutionConfigurationPlatforms) = preSolution
		Debug|Any CPU = Debug|Any CPU
		Release|Any CPU = Release|Any CPU
	EndGlobalSection
	GlobalSection(ProjectConfigurationPlatforms) = postSolution
		{A481227C-2D88-4C5F-908C-197BB3369DA7}.Debug|Any CPU.ActiveCfg = Debug|Any CPU
		{A481227C-2D88-4C5F-908C-197BB3369DA7}.Debug|Any CPU.Build.0 = Debug|Any CPU
		{A481227C-2D88-4C5F-908C-197BB3369DA7}.Release|Any CPU.ActiveCfg = Release|Any CPU
		{A481227C-2D88-4C5F-908C-197BB3369DA7}.Release|Any CPU.Build.0 = Release|Any CPU
	EndGlobalSection
	GlobalSection(SolutionProperties) = preSolution
		HideSolutionNode = FALSE
	EndGlobalSection
	GlobalSection(ExtensibilityGlobals) = postSolution
		SolutionGuid = {BF560828-E80F-4523-B440-21F3C1D57FFA}
	EndGlobalSection
EndGlobal
