
Microsoft Visual Studio Solution File, Format Version 12.00
# Visual Studio Version 17
VisualStudioVersion = 17.5.33627.172
MinimumVisualStudioVersion = 10.0.40219.1
Project("{FAE04EC0-301F-11D3-BF4B-00C04F79EFBC}") = "Lab 05 Question 03", "Lab 05 Question 03\Lab 05 Question 03.csproj", "{F616C219-5DE9-4C5A-BF29-697CAF30BA83}"
EndProject
Global
	GlobalSection(SolutionConfigurationPlatforms) = preSolution
		Debug|Any CPU = Debug|Any CPU
		Release|Any CPU = Release|Any CPU
	EndGlobalSection
	GlobalSection(ProjectConfigurationPlatforms) = postSolution
		{F616C219-5DE9-4C5A-BF29-697CAF30BA83}.Debug|Any CPU.ActiveCfg = Debug|Any CPU
		{F616C219-5DE9-4C5A-BF29-697CAF30BA83}.Debug|Any CPU.Build.0 = Debug|Any CPU
		{F616C219-5DE9-4C5A-BF29-697CAF30BA83}.Release|Any CPU.ActiveCfg = Release|Any CPU
		{F616C219-5DE9-4C5A-BF29-697CAF30BA83}.Release|Any CPU.Build.0 = Release|Any CPU
	EndGlobalSection
	GlobalSection(SolutionProperties) = preSolution
		HideSolutionNode = FALSE
	EndGlobalSection
	GlobalSection(ExtensibilityGlobals) = postSolution
		SolutionGuid = {45B4DCFE-B728-48DC-B3C5-BFF2B61EF81B}
	EndGlobalSection
EndGlobal
