
Microsoft Visual Studio Solution File, Format Version 12.00
# Visual Studio Version 17
VisualStudioVersion = 17.6.33829.357
MinimumVisualStudioVersion = 10.0.40219.1
Project("{FAE04EC0-301F-11D3-BF4B-00C04F79EFBC}") = "Lab 03 Q2", "Lab 03 Q2\Lab 03 Q2.csproj", "{B7FAE85D-424F-4B37-AFEC-A5F39AE5B01B}"
EndProject
Global
	GlobalSection(SolutionConfigurationPlatforms) = preSolution
		Debug|Any CPU = Debug|Any CPU
		Release|Any CPU = Release|Any CPU
	EndGlobalSection
	GlobalSection(ProjectConfigurationPlatforms) = postSolution
		{B7FAE85D-424F-4B37-AFEC-A5F39AE5B01B}.Debug|Any CPU.ActiveCfg = Debug|Any CPU
		{B7FAE85D-424F-4B37-AFEC-A5F39AE5B01B}.Debug|Any CPU.Build.0 = Debug|Any CPU
		{B7FAE85D-424F-4B37-AFEC-A5F39AE5B01B}.Release|Any CPU.ActiveCfg = Release|Any CPU
		{B7FAE85D-424F-4B37-AFEC-A5F39AE5B01B}.Release|Any CPU.Build.0 = Release|Any CPU
	EndGlobalSection
	GlobalSection(SolutionProperties) = preSolution
		HideSolutionNode = FALSE
	EndGlobalSection
	GlobalSection(ExtensibilityGlobals) = postSolution
		SolutionGuid = {0C7C76B7-7DA9-4B8B-9804-C8C4BE22793A}
	EndGlobalSection
EndGlobal
