
Microsoft Visual Studio Solution File, Format Version 12.00
# Visual Studio Version 17
VisualStudioVersion = 17.5.33627.172
MinimumVisualStudioVersion = 10.0.40219.1
Project("{FAE04EC0-301F-11D3-BF4B-00C04F79EFBC}") = "Lab 07 Question 07", "Lab 07 Question 07\Lab 07 Question 07.csproj", "{8AA36799-7BAF-4E4D-BA21-6F104554004D}"
EndProject
Global
	GlobalSection(SolutionConfigurationPlatforms) = preSolution
		Debug|Any CPU = Debug|Any CPU
		Release|Any CPU = Release|Any CPU
	EndGlobalSection
	GlobalSection(ProjectConfigurationPlatforms) = postSolution
		{8AA36799-7BAF-4E4D-BA21-6F104554004D}.Debug|Any CPU.ActiveCfg = Debug|Any CPU
		{8AA36799-7BAF-4E4D-BA21-6F104554004D}.Debug|Any CPU.Build.0 = Debug|Any CPU
		{8AA36799-7BAF-4E4D-BA21-6F104554004D}.Release|Any CPU.ActiveCfg = Release|Any CPU
		{8AA36799-7BAF-4E4D-BA21-6F104554004D}.Release|Any CPU.Build.0 = Release|Any CPU
	EndGlobalSection
	GlobalSection(SolutionProperties) = preSolution
		HideSolutionNode = FALSE
	EndGlobalSection
	GlobalSection(ExtensibilityGlobals) = postSolution
		SolutionGuid = {5F013EFE-7E47-4145-B5A1-5C604B6F8064}
	EndGlobalSection
EndGlobal
